// !$*UTF8*$!
{
	archiveVersion = 1;
	classes = {
	};
	objectVersion = 51;
	objects = {

/* Begin PBXBuildFile section */
		52063D1A264060870020DA7C /* AppRouter.swift in Sources */ = {isa = PBXBuildFile; fileRef = 52063D19264060870020DA7C /* AppRouter.swift */; };
		52063D1D26406E3B0020DA7C /* SettingsViewController.swift in Sources */ = {isa = PBXBuildFile; fileRef = 52063D1C26406E3B0020DA7C /* SettingsViewController.swift */; };
		52063D202641C1C50020DA7C /* QuestionViewController.swift in Sources */ = {isa = PBXBuildFile; fileRef = 52063D1F2641C1C50020DA7C /* QuestionViewController.swift */; };
		52063D232641C3A30020DA7C /* QuestionTrackerView.swift in Sources */ = {isa = PBXBuildFile; fileRef = 52063D222641C3A30020DA7C /* QuestionTrackerView.swift */; };
		52063D262643357F0020DA7C /* QuizResultViewController.swift in Sources */ = {isa = PBXBuildFile; fileRef = 52063D252643357F0020DA7C /* QuizResultViewController.swift */; };
		52063D2A264B67F50020DA7C /* NetworkServiceProtocol.swift in Sources */ = {isa = PBXBuildFile; fileRef = 52063D29264B67F50020DA7C /* NetworkServiceProtocol.swift */; };
		52063D2D264B6A070020DA7C /* NetworkService.swift in Sources */ = {isa = PBXBuildFile; fileRef = 52063D2C264B6A070020DA7C /* NetworkService.swift */; };
		5231D4F1264E020000B093F6 /* QuizViewController.swift in Sources */ = {isa = PBXBuildFile; fileRef = 5231D4F0264E020000B093F6 /* QuizViewController.swift */; };
		5231D4F4264E0EF000B093F6 /* LeaderboardResult.swift in Sources */ = {isa = PBXBuildFile; fileRef = 5231D4F3264E0EF000B093F6 /* LeaderboardResult.swift */; };
		5231D4F7264E12F900B093F6 /* LeaderboardViewController.swift in Sources */ = {isa = PBXBuildFile; fileRef = 5231D4F6264E12F900B093F6 /* LeaderboardViewController.swift */; };
		52577D7F261E5C7D00A6A29F /* AppDelegate.swift in Sources */ = {isa = PBXBuildFile; fileRef = 52577D7E261E5C7D00A6A29F /* AppDelegate.swift */; };
		52577D81261E5C7D00A6A29F /* SceneDelegate.swift in Sources */ = {isa = PBXBuildFile; fileRef = 52577D80261E5C7D00A6A29F /* SceneDelegate.swift */; };
		52577D88261E5C7E00A6A29F /* Assets.xcassets in Resources */ = {isa = PBXBuildFile; fileRef = 52577D87261E5C7E00A6A29F /* Assets.xcassets */; };
		52577D8B261E5C7E00A6A29F /* LaunchScreen.storyboard in Resources */ = {isa = PBXBuildFile; fileRef = 52577D89261E5C7E00A6A29F /* LaunchScreen.storyboard */; };
		525C8FBE2623B57A00900EB2 /* QuizzesViewCell.swift in Sources */ = {isa = PBXBuildFile; fileRef = 525C8FBD2623B57A00900EB2 /* QuizzesViewCell.swift */; };
		5261BDA82622015400249828 /* LoginViewController.swift in Sources */ = {isa = PBXBuildFile; fileRef = 5261BDA62622015400249828 /* LoginViewController.swift */; };
		5261BDA92622015400249828 /* LoginViewController.xib in Resources */ = {isa = PBXBuildFile; fileRef = 5261BDA72622015400249828 /* LoginViewController.xib */; };
		5261BDB82622049500249828 /* QuizCategory.swift in Sources */ = {isa = PBXBuildFile; fileRef = 5261BDAE2622049400249828 /* QuizCategory.swift */; };
		5261BDB92622049500249828 /* Question.swift in Sources */ = {isa = PBXBuildFile; fileRef = 5261BDAF2622049400249828 /* Question.swift */; };
		5261BDBA2622049500249828 /* LoginStatus.swift in Sources */ = {isa = PBXBuildFile; fileRef = 5261BDB02622049400249828 /* LoginStatus.swift */; };
		5261BDBB2622049500249828 /* Quiz.swift in Sources */ = {isa = PBXBuildFile; fileRef = 5261BDB12622049400249828 /* Quiz.swift */; };
		5261BDCB2622A30E00249828 /* QuizzesViewController.swift in Sources */ = {isa = PBXBuildFile; fileRef = 5261BDCA2622A30E00249828 /* QuizzesViewController.swift */; };
		527326EC265FF5B500FB36B7 /* SearchQuizViewController.swift in Sources */ = {isa = PBXBuildFile; fileRef = 527326EB265FF5B500FB36B7 /* SearchQuizViewController.swift */; };
		527326F72660870C00FB36B7 /* CDQuestion+CoreDataClass.swift in Sources */ = {isa = PBXBuildFile; fileRef = 527326F32660870C00FB36B7 /* CDQuestion+CoreDataClass.swift */; };
		527326F82660870C00FB36B7 /* CDQuestion+CoreDataProperties.swift in Sources */ = {isa = PBXBuildFile; fileRef = 527326F42660870C00FB36B7 /* CDQuestion+CoreDataProperties.swift */; };
		527326F92660870C00FB36B7 /* CDQuiz+CoreDataClass.swift in Sources */ = {isa = PBXBuildFile; fileRef = 527326F52660870C00FB36B7 /* CDQuiz+CoreDataClass.swift */; };
		527326FA2660870C00FB36B7 /* CDQuiz+CoreDataProperties.swift in Sources */ = {isa = PBXBuildFile; fileRef = 527326F62660870C00FB36B7 /* CDQuiz+CoreDataProperties.swift */; };
		527326FE26608C0200FB36B7 /* CustomTextField.swift in Sources */ = {isa = PBXBuildFile; fileRef = 527326FD26608C0200FB36B7 /* CustomTextField.swift */; };
		5285FC0F264EE80C00669CCE /* LeaderboardViewCell.swift in Sources */ = {isa = PBXBuildFile; fileRef = 5285FC0E264EE80C00669CCE /* LeaderboardViewCell.swift */; };
		529C4AE32651763B00CE2CA6 /* UIViewController+Alert.swift in Sources */ = {isa = PBXBuildFile; fileRef = 529C4AE22651763B00CE2CA6 /* UIViewController+Alert.swift */; };
		529C4AE6265186DE00CE2CA6 /* EmptyResponse.swift in Sources */ = {isa = PBXBuildFile; fileRef = 529C4AE5265186DE00CE2CA6 /* EmptyResponse.swift */; };
		529C4AF2265D358E00CE2CA6 /* RequestError.swift in Sources */ = {isa = PBXBuildFile; fileRef = 529C4AF1265D358E00CE2CA6 /* RequestError.swift */; };
		529C4AFE265EC8CB00CE2CA6 /* Model.xcdatamodeld in Sources */ = {isa = PBXBuildFile; fileRef = 529C4AFC265EC8CB00CE2CA6 /* Model.xcdatamodeld */; };
		529C4B02265ECA8400CE2CA6 /* CoreDataStack.swift in Sources */ = {isa = PBXBuildFile; fileRef = 529C4B01265ECA8400CE2CA6 /* CoreDataStack.swift */; };
		529C4B13265ED22200CE2CA6 /* QuizRepository.swift in Sources */ = {isa = PBXBuildFile; fileRef = 529C4B12265ED22200CE2CA6 /* QuizRepository.swift */; };
		529C4B16265ED2F900CE2CA6 /* QuizNetworkDataSource.swift in Sources */ = {isa = PBXBuildFile; fileRef = 529C4B15265ED2F900CE2CA6 /* QuizNetworkDataSource.swift */; };
		529C4B2E265EE88700CE2CA6 /* QuizDatabaseDataSource.swift in Sources */ = {isa = PBXBuildFile; fileRef = 529C4B2D265EE88700CE2CA6 /* QuizDatabaseDataSource.swift */; };
		529C4B31265EEF8600CE2CA6 /* Quiz+CD.swift in Sources */ = {isa = PBXBuildFile; fileRef = 529C4B30265EEF8600CE2CA6 /* Quiz+CD.swift */; };
		529C4B48265EF2B400CE2CA6 /* Question+CD.swift in Sources */ = {isa = PBXBuildFile; fileRef = 529C4B47265EF2B400CE2CA6 /* Question+CD.swift */; };
		52DF3BC0264C553800E7E7D6 /* Quizzes.swift in Sources */ = {isa = PBXBuildFile; fileRef = 52DF3BBF264C553800E7E7D6 /* Quizzes.swift */; };
		52DF3BC3264D722E00E7E7D6 /* QuizResult.swift in Sources */ = {isa = PBXBuildFile; fileRef = 52DF3BC2264D722E00E7E7D6 /* QuizResult.swift */; };
		B41BBE7DAEC18634EC412AA8 /* Pods_QuizApp.framework in Frameworks */ = {isa = PBXBuildFile; fileRef = 6ECD84FBD49CA5F2A9E9D24F /* Pods_QuizApp.framework */; };
/* End PBXBuildFile section */

/* Begin PBXFileReference section */
		52063D19264060870020DA7C /* AppRouter.swift */ = {isa = PBXFileReference; lastKnownFileType = sourcecode.swift; path = AppRouter.swift; sourceTree = "<group>"; };
		52063D1C26406E3B0020DA7C /* SettingsViewController.swift */ = {isa = PBXFileReference; lastKnownFileType = sourcecode.swift; path = SettingsViewController.swift; sourceTree = "<group>"; };
		52063D1F2641C1C50020DA7C /* QuestionViewController.swift */ = {isa = PBXFileReference; lastKnownFileType = sourcecode.swift; path = QuestionViewController.swift; sourceTree = "<group>"; };
		52063D222641C3A30020DA7C /* QuestionTrackerView.swift */ = {isa = PBXFileReference; lastKnownFileType = sourcecode.swift; path = QuestionTrackerView.swift; sourceTree = "<group>"; };
		52063D252643357F0020DA7C /* QuizResultViewController.swift */ = {isa = PBXFileReference; lastKnownFileType = sourcecode.swift; path = QuizResultViewController.swift; sourceTree = "<group>"; };
		52063D29264B67F50020DA7C /* NetworkServiceProtocol.swift */ = {isa = PBXFileReference; lastKnownFileType = sourcecode.swift; path = NetworkServiceProtocol.swift; sourceTree = "<group>"; };
		52063D2C264B6A070020DA7C /* NetworkService.swift */ = {isa = PBXFileReference; lastKnownFileType = sourcecode.swift; path = NetworkService.swift; sourceTree = "<group>"; };
		5231D4F0264E020000B093F6 /* QuizViewController.swift */ = {isa = PBXFileReference; lastKnownFileType = sourcecode.swift; path = QuizViewController.swift; sourceTree = "<group>"; };
		5231D4F3264E0EF000B093F6 /* LeaderboardResult.swift */ = {isa = PBXFileReference; lastKnownFileType = sourcecode.swift; path = LeaderboardResult.swift; sourceTree = "<group>"; };
		5231D4F6264E12F900B093F6 /* LeaderboardViewController.swift */ = {isa = PBXFileReference; lastKnownFileType = sourcecode.swift; path = LeaderboardViewController.swift; sourceTree = "<group>"; };
		52577D7B261E5C7D00A6A29F /* QuizApp.app */ = {isa = PBXFileReference; explicitFileType = wrapper.application; includeInIndex = 0; path = QuizApp.app; sourceTree = BUILT_PRODUCTS_DIR; };
		52577D7E261E5C7D00A6A29F /* AppDelegate.swift */ = {isa = PBXFileReference; lastKnownFileType = sourcecode.swift; path = AppDelegate.swift; sourceTree = "<group>"; };
		52577D80261E5C7D00A6A29F /* SceneDelegate.swift */ = {isa = PBXFileReference; lastKnownFileType = sourcecode.swift; path = SceneDelegate.swift; sourceTree = "<group>"; };
		52577D87261E5C7E00A6A29F /* Assets.xcassets */ = {isa = PBXFileReference; lastKnownFileType = folder.assetcatalog; path = Assets.xcassets; sourceTree = "<group>"; };
		52577D8A261E5C7E00A6A29F /* Base */ = {isa = PBXFileReference; lastKnownFileType = file.storyboard; name = Base; path = Base.lproj/LaunchScreen.storyboard; sourceTree = "<group>"; };
		52577D8C261E5C7E00A6A29F /* Info.plist */ = {isa = PBXFileReference; lastKnownFileType = text.plist.xml; path = Info.plist; sourceTree = "<group>"; };
		525C8FBD2623B57A00900EB2 /* QuizzesViewCell.swift */ = {isa = PBXFileReference; lastKnownFileType = sourcecode.swift; path = QuizzesViewCell.swift; sourceTree = "<group>"; };
		5261BDA62622015400249828 /* LoginViewController.swift */ = {isa = PBXFileReference; lastKnownFileType = sourcecode.swift; path = LoginViewController.swift; sourceTree = "<group>"; };
		5261BDA72622015400249828 /* LoginViewController.xib */ = {isa = PBXFileReference; lastKnownFileType = file.xib; path = LoginViewController.xib; sourceTree = "<group>"; };
		5261BDAE2622049400249828 /* QuizCategory.swift */ = {isa = PBXFileReference; fileEncoding = 4; lastKnownFileType = sourcecode.swift; path = QuizCategory.swift; sourceTree = "<group>"; };
		5261BDAF2622049400249828 /* Question.swift */ = {isa = PBXFileReference; fileEncoding = 4; lastKnownFileType = sourcecode.swift; path = Question.swift; sourceTree = "<group>"; };
		5261BDB02622049400249828 /* LoginStatus.swift */ = {isa = PBXFileReference; fileEncoding = 4; lastKnownFileType = sourcecode.swift; path = LoginStatus.swift; sourceTree = "<group>"; };
		5261BDB12622049400249828 /* Quiz.swift */ = {isa = PBXFileReference; fileEncoding = 4; lastKnownFileType = sourcecode.swift; path = Quiz.swift; sourceTree = "<group>"; };
		5261BDCA2622A30E00249828 /* QuizzesViewController.swift */ = {isa = PBXFileReference; lastKnownFileType = sourcecode.swift; path = QuizzesViewController.swift; sourceTree = "<group>"; };
		527326EB265FF5B500FB36B7 /* SearchQuizViewController.swift */ = {isa = PBXFileReference; lastKnownFileType = sourcecode.swift; path = SearchQuizViewController.swift; sourceTree = "<group>"; };
		527326F32660870C00FB36B7 /* CDQuestion+CoreDataClass.swift */ = {isa = PBXFileReference; lastKnownFileType = sourcecode.swift; path = "CDQuestion+CoreDataClass.swift"; sourceTree = SOURCE_ROOT; };
		527326F42660870C00FB36B7 /* CDQuestion+CoreDataProperties.swift */ = {isa = PBXFileReference; lastKnownFileType = sourcecode.swift; path = "CDQuestion+CoreDataProperties.swift"; sourceTree = SOURCE_ROOT; };
		527326F52660870C00FB36B7 /* CDQuiz+CoreDataClass.swift */ = {isa = PBXFileReference; lastKnownFileType = sourcecode.swift; path = "CDQuiz+CoreDataClass.swift"; sourceTree = SOURCE_ROOT; };
		527326F62660870C00FB36B7 /* CDQuiz+CoreDataProperties.swift */ = {isa = PBXFileReference; lastKnownFileType = sourcecode.swift; path = "CDQuiz+CoreDataProperties.swift"; sourceTree = SOURCE_ROOT; };
		527326FD26608C0200FB36B7 /* CustomTextField.swift */ = {isa = PBXFileReference; lastKnownFileType = sourcecode.swift; path = CustomTextField.swift; sourceTree = "<group>"; };
		5285FC0E264EE80C00669CCE /* LeaderboardViewCell.swift */ = {isa = PBXFileReference; lastKnownFileType = sourcecode.swift; path = LeaderboardViewCell.swift; sourceTree = "<group>"; };
		529C4AE22651763B00CE2CA6 /* UIViewController+Alert.swift */ = {isa = PBXFileReference; lastKnownFileType = sourcecode.swift; path = "UIViewController+Alert.swift"; sourceTree = "<group>"; };
		529C4AE5265186DE00CE2CA6 /* EmptyResponse.swift */ = {isa = PBXFileReference; lastKnownFileType = sourcecode.swift; path = EmptyResponse.swift; sourceTree = "<group>"; };
		529C4AF1265D358E00CE2CA6 /* RequestError.swift */ = {isa = PBXFileReference; lastKnownFileType = sourcecode.swift; path = RequestError.swift; sourceTree = "<group>"; };
		529C4AFD265EC8CB00CE2CA6 /* Model.xcdatamodel */ = {isa = PBXFileReference; lastKnownFileType = wrapper.xcdatamodel; path = Model.xcdatamodel; sourceTree = "<group>"; };
		529C4B01265ECA8400CE2CA6 /* CoreDataStack.swift */ = {isa = PBXFileReference; lastKnownFileType = sourcecode.swift; path = CoreDataStack.swift; sourceTree = "<group>"; };
		529C4B12265ED22200CE2CA6 /* QuizRepository.swift */ = {isa = PBXFileReference; lastKnownFileType = sourcecode.swift; path = QuizRepository.swift; sourceTree = "<group>"; };
		529C4B15265ED2F900CE2CA6 /* QuizNetworkDataSource.swift */ = {isa = PBXFileReference; lastKnownFileType = sourcecode.swift; path = QuizNetworkDataSource.swift; sourceTree = "<group>"; };
		529C4B2D265EE88700CE2CA6 /* QuizDatabaseDataSource.swift */ = {isa = PBXFileReference; lastKnownFileType = sourcecode.swift; path = QuizDatabaseDataSource.swift; sourceTree = "<group>"; };
		529C4B30265EEF8600CE2CA6 /* Quiz+CD.swift */ = {isa = PBXFileReference; lastKnownFileType = sourcecode.swift; path = "Quiz+CD.swift"; sourceTree = "<group>"; };
		529C4B47265EF2B400CE2CA6 /* Question+CD.swift */ = {isa = PBXFileReference; lastKnownFileType = sourcecode.swift; path = "Question+CD.swift"; sourceTree = "<group>"; };
		52DF3BBF264C553800E7E7D6 /* Quizzes.swift */ = {isa = PBXFileReference; lastKnownFileType = sourcecode.swift; path = Quizzes.swift; sourceTree = "<group>"; };
		52DF3BC2264D722E00E7E7D6 /* QuizResult.swift */ = {isa = PBXFileReference; lastKnownFileType = sourcecode.swift; path = QuizResult.swift; sourceTree = "<group>"; };
		6ECD84FBD49CA5F2A9E9D24F /* Pods_QuizApp.framework */ = {isa = PBXFileReference; explicitFileType = wrapper.framework; includeInIndex = 0; path = Pods_QuizApp.framework; sourceTree = BUILT_PRODUCTS_DIR; };
		85F733CD4B41C36952CCBAD4 /* Pods-QuizApp.debug.xcconfig */ = {isa = PBXFileReference; includeInIndex = 1; lastKnownFileType = text.xcconfig; name = "Pods-QuizApp.debug.xcconfig"; path = "Target Support Files/Pods-QuizApp/Pods-QuizApp.debug.xcconfig"; sourceTree = "<group>"; };
		8F8645AED2004495B0328BD3 /* Pods-QuizApp.release.xcconfig */ = {isa = PBXFileReference; includeInIndex = 1; lastKnownFileType = text.xcconfig; name = "Pods-QuizApp.release.xcconfig"; path = "Target Support Files/Pods-QuizApp/Pods-QuizApp.release.xcconfig"; sourceTree = "<group>"; };
/* End PBXFileReference section */

/* Begin PBXFrameworksBuildPhase section */
		52577D78261E5C7D00A6A29F /* Frameworks */ = {
			isa = PBXFrameworksBuildPhase;
			buildActionMask = 2147483647;
			files = (
				B41BBE7DAEC18634EC412AA8 /* Pods_QuizApp.framework in Frameworks */,
			);
			runOnlyForDeploymentPostprocessing = 0;
		};
/* End PBXFrameworksBuildPhase section */

/* Begin PBXGroup section */
		1488F879655944FB7A0063F5 /* Frameworks */ = {
			isa = PBXGroup;
			children = (
				6ECD84FBD49CA5F2A9E9D24F /* Pods_QuizApp.framework */,
			);
			name = Frameworks;
			sourceTree = "<group>";
		};
		1EDDE66F704ED8A374A5E460 /* Pods */ = {
			isa = PBXGroup;
			children = (
				85F733CD4B41C36952CCBAD4 /* Pods-QuizApp.debug.xcconfig */,
				8F8645AED2004495B0328BD3 /* Pods-QuizApp.release.xcconfig */,
			);
			path = Pods;
			sourceTree = "<group>";
		};
		5231D509264EDAC600B093F6 /* NetworkService */ = {
			isa = PBXGroup;
			children = (
				52063D29264B67F50020DA7C /* NetworkServiceProtocol.swift */,
				52063D2C264B6A070020DA7C /* NetworkService.swift */,
			);
			path = NetworkService;
			sourceTree = "<group>";
		};
		5231D50B264EDB1100B093F6 /* App */ = {
			isa = PBXGroup;
			children = (
				52063D19264060870020DA7C /* AppRouter.swift */,
				52577D7E261E5C7D00A6A29F /* AppDelegate.swift */,
				52577D80261E5C7D00A6A29F /* SceneDelegate.swift */,
				52577D89261E5C7E00A6A29F /* LaunchScreen.storyboard */,
			);
			path = App;
			sourceTree = "<group>";
		};
		5231D50C264EDB1F00B093F6 /* Login */ = {
			isa = PBXGroup;
			children = (
				5261BDA62622015400249828 /* LoginViewController.swift */,
				5261BDA72622015400249828 /* LoginViewController.xib */,
			);
			path = Login;
			sourceTree = "<group>";
		};
		5231D50E264EDB3900B093F6 /* Quiz */ = {
			isa = PBXGroup;
			children = (
				5231D4F0264E020000B093F6 /* QuizViewController.swift */,
				5285FC11264EE81600669CCE /* Leaderboard */,
				5231D512264EDB4700B093F6 /* Question */,
				529C4B2C265EE85200CE2CA6 /* Repository */,
				52063D252643357F0020DA7C /* QuizResultViewController.swift */,
			);
			path = Quiz;
			sourceTree = "<group>";
		};
		5231D512264EDB4700B093F6 /* Question */ = {
			isa = PBXGroup;
			children = (
				52063D1F2641C1C50020DA7C /* QuestionViewController.swift */,
				52063D222641C3A30020DA7C /* QuestionTrackerView.swift */,
			);
			path = Question;
			sourceTree = "<group>";
		};
		5231D513264EDB5500B093F6 /* Quizzes */ = {
			isa = PBXGroup;
			children = (
				5261BDCA2622A30E00249828 /* QuizzesViewController.swift */,
				525C8FBD2623B57A00900EB2 /* QuizzesViewCell.swift */,
			);
			path = Quizzes;
			sourceTree = "<group>";
		};
		5231D516264EDB8900B093F6 /* Settings */ = {
			isa = PBXGroup;
			children = (
				52063D1C26406E3B0020DA7C /* SettingsViewController.swift */,
			);
			path = Settings;
			sourceTree = "<group>";
		};
		52577D72261E5C7C00A6A29F = {
			isa = PBXGroup;
			children = (
				52577D7D261E5C7D00A6A29F /* QuizApp */,
				52577D7C261E5C7D00A6A29F /* Products */,
				1EDDE66F704ED8A374A5E460 /* Pods */,
				1488F879655944FB7A0063F5 /* Frameworks */,
			);
			sourceTree = "<group>";
		};
		52577D7C261E5C7D00A6A29F /* Products */ = {
			isa = PBXGroup;
			children = (
				52577D7B261E5C7D00A6A29F /* QuizApp.app */,
			);
			name = Products;
			sourceTree = "<group>";
		};
		52577D7D261E5C7D00A6A29F /* QuizApp */ = {
			isa = PBXGroup;
			children = (
				5231D50B264EDB1100B093F6 /* App */,
				52577D87261E5C7E00A6A29F /* Assets.xcassets */,
				52577D8C261E5C7E00A6A29F /* Info.plist */,
				529C4B11265ED1F100CE2CA6 /* CoreData */,
				5261BDAD2622049400249828 /* Models */,
				5231D509264EDAC600B093F6 /* NetworkService */,
				5231D50C264EDB1F00B093F6 /* Login */,
				5231D513264EDB5500B093F6 /* Quizzes */,
				5231D50E264EDB3900B093F6 /* Quiz */,
				527326EE266083F100FB36B7 /* Search */,
				5231D516264EDB8900B093F6 /* Settings */,
				529C4AE22651763B00CE2CA6 /* UIViewController+Alert.swift */,
				527326FD26608C0200FB36B7 /* CustomTextField.swift */,
			);
			path = QuizApp;
			sourceTree = "<group>";
		};
		5261BDAD2622049400249828 /* Models */ = {
			isa = PBXGroup;
			children = (
				5261BDAE2622049400249828 /* QuizCategory.swift */,
				5261BDAF2622049400249828 /* Question.swift */,
				5261BDB02622049400249828 /* LoginStatus.swift */,
				5261BDB12622049400249828 /* Quiz.swift */,
				529C4B30265EEF8600CE2CA6 /* Quiz+CD.swift */,
				52DF3BBF264C553800E7E7D6 /* Quizzes.swift */,
				529C4B47265EF2B400CE2CA6 /* Question+CD.swift */,
				52DF3BC2264D722E00E7E7D6 /* QuizResult.swift */,
				5231D4F3264E0EF000B093F6 /* LeaderboardResult.swift */,
				529C4AE5265186DE00CE2CA6 /* EmptyResponse.swift */,
				529C4AF1265D358E00CE2CA6 /* RequestError.swift */,
			);
			path = Models;
			sourceTree = "<group>";
		};
		527326EE266083F100FB36B7 /* Search */ = {
			isa = PBXGroup;
			children = (
				527326EB265FF5B500FB36B7 /* SearchQuizViewController.swift */,
			);
			path = Search;
			sourceTree = "<group>";
		};
		527326F12660846400FB36B7 /* Models */ = {
			isa = PBXGroup;
			children = (
				527326F32660870C00FB36B7 /* CDQuestion+CoreDataClass.swift */,
				527326F42660870C00FB36B7 /* CDQuestion+CoreDataProperties.swift */,
				527326F52660870C00FB36B7 /* CDQuiz+CoreDataClass.swift */,
				527326F62660870C00FB36B7 /* CDQuiz+CoreDataProperties.swift */,
			);
			path = Models;
			sourceTree = "<group>";
		};
		5285FC11264EE81600669CCE /* Leaderboard */ = {
			isa = PBXGroup;
			children = (
				5231D4F6264E12F900B093F6 /* LeaderboardViewController.swift */,
				5285FC0E264EE80C00669CCE /* LeaderboardViewCell.swift */,
			);
			path = Leaderboard;
			sourceTree = "<group>";
		};
		529C4B11265ED1F100CE2CA6 /* CoreData */ = {
			isa = PBXGroup;
			children = (
				529C4AFC265EC8CB00CE2CA6 /* Model.xcdatamodeld */,
				529C4B01265ECA8400CE2CA6 /* CoreDataStack.swift */,
				527326F12660846400FB36B7 /* Models */,
			);
			path = CoreData;
			sourceTree = "<group>";
		};
		529C4B2C265EE85200CE2CA6 /* Repository */ = {
			isa = PBXGroup;
			children = (
				529C4B12265ED22200CE2CA6 /* QuizRepository.swift */,
				529C4B15265ED2F900CE2CA6 /* QuizNetworkDataSource.swift */,
				529C4B2D265EE88700CE2CA6 /* QuizDatabaseDataSource.swift */,
			);
			path = Repository;
			sourceTree = "<group>";
		};
/* End PBXGroup section */

/* Begin PBXNativeTarget section */
		52577D7A261E5C7D00A6A29F /* QuizApp */ = {
			isa = PBXNativeTarget;
			buildConfigurationList = 52577D8F261E5C7E00A6A29F /* Build configuration list for PBXNativeTarget "QuizApp" */;
			buildPhases = (
				1536F3115CE9F745BFB104D5 /* [CP] Check Pods Manifest.lock */,
				52577D77261E5C7D00A6A29F /* Sources */,
				52577D78261E5C7D00A6A29F /* Frameworks */,
				52577D79261E5C7D00A6A29F /* Resources */,
				D23894DE134ACE415CD723BC /* [CP] Embed Pods Frameworks */,
			);
			buildRules = (
			);
			dependencies = (
			);
			name = QuizApp;
			productName = QuizApp;
			productReference = 52577D7B261E5C7D00A6A29F /* QuizApp.app */;
			productType = "com.apple.product-type.application";
		};
/* End PBXNativeTarget section */

/* Begin PBXProject section */
		52577D73261E5C7C00A6A29F /* Project object */ = {
			isa = PBXProject;
			attributes = {
				LastSwiftUpdateCheck = 1240;
				LastUpgradeCheck = 1240;
				TargetAttributes = {
					52577D7A261E5C7D00A6A29F = {
						CreatedOnToolsVersion = 12.4;
					};
				};
			};
			buildConfigurationList = 52577D76261E5C7C00A6A29F /* Build configuration list for PBXProject "QuizApp" */;
			compatibilityVersion = "Xcode 9.3";
			developmentRegion = en;
			hasScannedForEncodings = 0;
			knownRegions = (
				en,
				Base,
			);
			mainGroup = 52577D72261E5C7C00A6A29F;
			productRefGroup = 52577D7C261E5C7D00A6A29F /* Products */;
			projectDirPath = "";
			projectRoot = "";
			targets = (
				52577D7A261E5C7D00A6A29F /* QuizApp */,
			);
		};
/* End PBXProject section */

/* Begin PBXResourcesBuildPhase section */
		52577D79261E5C7D00A6A29F /* Resources */ = {
			isa = PBXResourcesBuildPhase;
			buildActionMask = 2147483647;
			files = (
				52577D8B261E5C7E00A6A29F /* LaunchScreen.storyboard in Resources */,
				52577D88261E5C7E00A6A29F /* Assets.xcassets in Resources */,
				5261BDA92622015400249828 /* LoginViewController.xib in Resources */,
			);
			runOnlyForDeploymentPostprocessing = 0;
		};
/* End PBXResourcesBuildPhase section */

/* Begin PBXShellScriptBuildPhase section */
		1536F3115CE9F745BFB104D5 /* [CP] Check Pods Manifest.lock */ = {
			isa = PBXShellScriptBuildPhase;
			buildActionMask = 2147483647;
			files = (
			);
			inputFileListPaths = (
			);
			inputPaths = (
				"${PODS_PODFILE_DIR_PATH}/Podfile.lock",
				"${PODS_ROOT}/Manifest.lock",
			);
			name = "[CP] Check Pods Manifest.lock";
			outputFileListPaths = (
			);
			outputPaths = (
				"$(DERIVED_FILE_DIR)/Pods-QuizApp-checkManifestLockResult.txt",
			);
			runOnlyForDeploymentPostprocessing = 0;
			shellPath = /bin/sh;
			shellScript = "diff \"${PODS_PODFILE_DIR_PATH}/Podfile.lock\" \"${PODS_ROOT}/Manifest.lock\" > /dev/null\nif [ $? != 0 ] ; then\n    # print error to STDERR\n    echo \"error: The sandbox is not in sync with the Podfile.lock. Run 'pod install' or update your CocoaPods installation.\" >&2\n    exit 1\nfi\n# This output is used by Xcode 'outputs' to avoid re-running this script phase.\necho \"SUCCESS\" > \"${SCRIPT_OUTPUT_FILE_0}\"\n";
			showEnvVarsInLog = 0;
		};
		D23894DE134ACE415CD723BC /* [CP] Embed Pods Frameworks */ = {
			isa = PBXShellScriptBuildPhase;
			buildActionMask = 2147483647;
			files = (
			);
			inputFileListPaths = (
				"${PODS_ROOT}/Target Support Files/Pods-QuizApp/Pods-QuizApp-frameworks-${CONFIGURATION}-input-files.xcfilelist",
			);
			name = "[CP] Embed Pods Frameworks";
			outputFileListPaths = (
				"${PODS_ROOT}/Target Support Files/Pods-QuizApp/Pods-QuizApp-frameworks-${CONFIGURATION}-output-files.xcfilelist",
			);
			runOnlyForDeploymentPostprocessing = 0;
			shellPath = /bin/sh;
			shellScript = "\"${PODS_ROOT}/Target Support Files/Pods-QuizApp/Pods-QuizApp-frameworks.sh\"\n";
			showEnvVarsInLog = 0;
		};
/* End PBXShellScriptBuildPhase section */

/* Begin PBXSourcesBuildPhase section */
		52577D77261E5C7D00A6A29F /* Sources */ = {
			isa = PBXSourcesBuildPhase;
			buildActionMask = 2147483647;
			files = (
				527326F82660870C00FB36B7 /* CDQuestion+CoreDataProperties.swift in Sources */,
				527326F92660870C00FB36B7 /* CDQuiz+CoreDataClass.swift in Sources */,
				52063D262643357F0020DA7C /* QuizResultViewController.swift in Sources */,
				5261BDB82622049500249828 /* QuizCategory.swift in Sources */,
				52063D202641C1C50020DA7C /* QuestionViewController.swift in Sources */,
				529C4B02265ECA8400CE2CA6 /* CoreDataStack.swift in Sources */,
				52DF3BC3264D722E00E7E7D6 /* QuizResult.swift in Sources */,
				5261BDA82622015400249828 /* LoginViewController.swift in Sources */,
				52063D2A264B67F50020DA7C /* NetworkServiceProtocol.swift in Sources */,
				52063D2D264B6A070020DA7C /* NetworkService.swift in Sources */,
				52577D7F261E5C7D00A6A29F /* AppDelegate.swift in Sources */,
				5231D4F7264E12F900B093F6 /* LeaderboardViewController.swift in Sources */,
				529C4B13265ED22200CE2CA6 /* QuizRepository.swift in Sources */,
				5261BDB92622049500249828 /* Question.swift in Sources */,
				5261BDCB2622A30E00249828 /* QuizzesViewController.swift in Sources */,
				529C4AFE265EC8CB00CE2CA6 /* Model.xcdatamodeld in Sources */,
				529C4AF2265D358E00CE2CA6 /* RequestError.swift in Sources */,
				5261BDBA2622049500249828 /* LoginStatus.swift in Sources */,
				529C4AE6265186DE00CE2CA6 /* EmptyResponse.swift in Sources */,
				529C4B16265ED2F900CE2CA6 /* QuizNetworkDataSource.swift in Sources */,
				529C4AE32651763B00CE2CA6 /* UIViewController+Alert.swift in Sources */,
				529C4B2E265EE88700CE2CA6 /* QuizDatabaseDataSource.swift in Sources */,
				5231D4F1264E020000B093F6 /* QuizViewController.swift in Sources */,
				52DF3BC0264C553800E7E7D6 /* Quizzes.swift in Sources */,
				527326FE26608C0200FB36B7 /* CustomTextField.swift in Sources */,
				527326F72660870C00FB36B7 /* CDQuestion+CoreDataClass.swift in Sources */,
				5285FC0F264EE80C00669CCE /* LeaderboardViewCell.swift in Sources */,
				52577D81261E5C7D00A6A29F /* SceneDelegate.swift in Sources */,
				529C4B31265EEF8600CE2CA6 /* Quiz+CD.swift in Sources */,
				52063D1A264060870020DA7C /* AppRouter.swift in Sources */,
				527326EC265FF5B500FB36B7 /* SearchQuizViewController.swift in Sources */,
				525C8FBE2623B57A00900EB2 /* QuizzesViewCell.swift in Sources */,
				5231D4F4264E0EF000B093F6 /* LeaderboardResult.swift in Sources */,
				52063D232641C3A30020DA7C /* QuestionTrackerView.swift in Sources */,
				527326FA2660870C00FB36B7 /* CDQuiz+CoreDataProperties.swift in Sources */,
				52063D1D26406E3B0020DA7C /* SettingsViewController.swift in Sources */,
				529C4B48265EF2B400CE2CA6 /* Question+CD.swift in Sources */,
				5261BDBB2622049500249828 /* Quiz.swift in Sources */,
			);
			runOnlyForDeploymentPostprocessing = 0;
		};
/* End PBXSourcesBuildPhase section */

/* Begin PBXVariantGroup section */
		52577D89261E5C7E00A6A29F /* LaunchScreen.storyboard */ = {
			isa = PBXVariantGroup;
			children = (
				52577D8A261E5C7E00A6A29F /* Base */,
			);
			name = LaunchScreen.storyboard;
			sourceTree = "<group>";
		};
/* End PBXVariantGroup section */

/* Begin XCBuildConfiguration section */
		52577D8D261E5C7E00A6A29F /* Debug */ = {
			isa = XCBuildConfiguration;
			buildSettings = {
				ALWAYS_SEARCH_USER_PATHS = NO;
				CLANG_ANALYZER_NONNULL = YES;
				CLANG_ANALYZER_NUMBER_OBJECT_CONVERSION = YES_AGGRESSIVE;
				CLANG_CXX_LANGUAGE_STANDARD = "gnu++14";
				CLANG_CXX_LIBRARY = "libc++";
				CLANG_ENABLE_MODULES = YES;
				CLANG_ENABLE_OBJC_ARC = YES;
				CLANG_ENABLE_OBJC_WEAK = YES;
				CLANG_WARN_BLOCK_CAPTURE_AUTORELEASING = YES;
				CLANG_WARN_BOOL_CONVERSION = YES;
				CLANG_WARN_COMMA = YES;
				CLANG_WARN_CONSTANT_CONVERSION = YES;
				CLANG_WARN_DEPRECATED_OBJC_IMPLEMENTATIONS = YES;
				CLANG_WARN_DIRECT_OBJC_ISA_USAGE = YES_ERROR;
				CLANG_WARN_DOCUMENTATION_COMMENTS = YES;
				CLANG_WARN_EMPTY_BODY = YES;
				CLANG_WARN_ENUM_CONVERSION = YES;
				CLANG_WARN_INFINITE_RECURSION = YES;
				CLANG_WARN_INT_CONVERSION = YES;
				CLANG_WARN_NON_LITERAL_NULL_CONVERSION = YES;
				CLANG_WARN_OBJC_IMPLICIT_RETAIN_SELF = YES;
				CLANG_WARN_OBJC_LITERAL_CONVERSION = YES;
				CLANG_WARN_OBJC_ROOT_CLASS = YES_ERROR;
				CLANG_WARN_QUOTED_INCLUDE_IN_FRAMEWORK_HEADER = YES;
				CLANG_WARN_RANGE_LOOP_ANALYSIS = YES;
				CLANG_WARN_STRICT_PROTOTYPES = YES;
				CLANG_WARN_SUSPICIOUS_MOVE = YES;
				CLANG_WARN_UNGUARDED_AVAILABILITY = YES_AGGRESSIVE;
				CLANG_WARN_UNREACHABLE_CODE = YES;
				CLANG_WARN__DUPLICATE_METHOD_MATCH = YES;
				COPY_PHASE_STRIP = NO;
				DEBUG_INFORMATION_FORMAT = dwarf;
				ENABLE_STRICT_OBJC_MSGSEND = YES;
				ENABLE_TESTABILITY = YES;
				GCC_C_LANGUAGE_STANDARD = gnu11;
				GCC_DYNAMIC_NO_PIC = NO;
				GCC_NO_COMMON_BLOCKS = YES;
				GCC_OPTIMIZATION_LEVEL = 0;
				GCC_PREPROCESSOR_DEFINITIONS = (
					"DEBUG=1",
					"$(inherited)",
				);
				GCC_WARN_64_TO_32_BIT_CONVERSION = YES;
				GCC_WARN_ABOUT_RETURN_TYPE = YES_ERROR;
				GCC_WARN_UNDECLARED_SELECTOR = YES;
				GCC_WARN_UNINITIALIZED_AUTOS = YES_AGGRESSIVE;
				GCC_WARN_UNUSED_FUNCTION = YES;
				GCC_WARN_UNUSED_VARIABLE = YES;
				IPHONEOS_DEPLOYMENT_TARGET = 14.4;
				MTL_ENABLE_DEBUG_INFO = INCLUDE_SOURCE;
				MTL_FAST_MATH = YES;
				ONLY_ACTIVE_ARCH = YES;
				SDKROOT = iphoneos;
				SWIFT_ACTIVE_COMPILATION_CONDITIONS = DEBUG;
				SWIFT_OPTIMIZATION_LEVEL = "-Onone";
			};
			name = Debug;
		};
		52577D8E261E5C7E00A6A29F /* Release */ = {
			isa = XCBuildConfiguration;
			buildSettings = {
				ALWAYS_SEARCH_USER_PATHS = NO;
				CLANG_ANALYZER_NONNULL = YES;
				CLANG_ANALYZER_NUMBER_OBJECT_CONVERSION = YES_AGGRESSIVE;
				CLANG_CXX_LANGUAGE_STANDARD = "gnu++14";
				CLANG_CXX_LIBRARY = "libc++";
				CLANG_ENABLE_MODULES = YES;
				CLANG_ENABLE_OBJC_ARC = YES;
				CLANG_ENABLE_OBJC_WEAK = YES;
				CLANG_WARN_BLOCK_CAPTURE_AUTORELEASING = YES;
				CLANG_WARN_BOOL_CONVERSION = YES;
				CLANG_WARN_COMMA = YES;
				CLANG_WARN_CONSTANT_CONVERSION = YES;
				CLANG_WARN_DEPRECATED_OBJC_IMPLEMENTATIONS = YES;
				CLANG_WARN_DIRECT_OBJC_ISA_USAGE = YES_ERROR;
				CLANG_WARN_DOCUMENTATION_COMMENTS = YES;
				CLANG_WARN_EMPTY_BODY = YES;
				CLANG_WARN_ENUM_CONVERSION = YES;
				CLANG_WARN_INFINITE_RECURSION = YES;
				CLANG_WARN_INT_CONVERSION = YES;
				CLANG_WARN_NON_LITERAL_NULL_CONVERSION = YES;
				CLANG_WARN_OBJC_IMPLICIT_RETAIN_SELF = YES;
				CLANG_WARN_OBJC_LITERAL_CONVERSION = YES;
				CLANG_WARN_OBJC_ROOT_CLASS = YES_ERROR;
				CLANG_WARN_QUOTED_INCLUDE_IN_FRAMEWORK_HEADER = YES;
				CLANG_WARN_RANGE_LOOP_ANALYSIS = YES;
				CLANG_WARN_STRICT_PROTOTYPES = YES;
				CLANG_WARN_SUSPICIOUS_MOVE = YES;
				CLANG_WARN_UNGUARDED_AVAILABILITY = YES_AGGRESSIVE;
				CLANG_WARN_UNREACHABLE_CODE = YES;
				CLANG_WARN__DUPLICATE_METHOD_MATCH = YES;
				COPY_PHASE_STRIP = NO;
				DEBUG_INFORMATION_FORMAT = "dwarf-with-dsym";
				ENABLE_NS_ASSERTIONS = NO;
				ENABLE_STRICT_OBJC_MSGSEND = YES;
				GCC_C_LANGUAGE_STANDARD = gnu11;
				GCC_NO_COMMON_BLOCKS = YES;
				GCC_WARN_64_TO_32_BIT_CONVERSION = YES;
				GCC_WARN_ABOUT_RETURN_TYPE = YES_ERROR;
				GCC_WARN_UNDECLARED_SELECTOR = YES;
				GCC_WARN_UNINITIALIZED_AUTOS = YES_AGGRESSIVE;
				GCC_WARN_UNUSED_FUNCTION = YES;
				GCC_WARN_UNUSED_VARIABLE = YES;
				IPHONEOS_DEPLOYMENT_TARGET = 14.4;
				MTL_ENABLE_DEBUG_INFO = NO;
				MTL_FAST_MATH = YES;
				SDKROOT = iphoneos;
				SWIFT_COMPILATION_MODE = wholemodule;
				SWIFT_OPTIMIZATION_LEVEL = "-O";
				VALIDATE_PRODUCT = YES;
			};
			name = Release;
		};
		52577D90261E5C7E00A6A29F /* Debug */ = {
			isa = XCBuildConfiguration;
			baseConfigurationReference = 85F733CD4B41C36952CCBAD4 /* Pods-QuizApp.debug.xcconfig */;
			buildSettings = {
				ASSETCATALOG_COMPILER_APPICON_NAME = AppIcon;
				ASSETCATALOG_COMPILER_GLOBAL_ACCENT_COLOR_NAME = AccentColor;
				CODE_SIGN_STYLE = Automatic;
				INFOPLIST_FILE = QuizApp/Info.plist;
				LD_RUNPATH_SEARCH_PATHS = (
					"$(inherited)",
					"@executable_path/Frameworks",
				);
				PRODUCT_BUNDLE_IDENTIFIER = hr.fer.granosa.dorian.QuizApp;
				PRODUCT_NAME = "$(TARGET_NAME)";
				SWIFT_VERSION = 5.0;
				TARGETED_DEVICE_FAMILY = "1,2";
			};
			name = Debug;
		};
		52577D91261E5C7E00A6A29F /* Release */ = {
			isa = XCBuildConfiguration;
			baseConfigurationReference = 8F8645AED2004495B0328BD3 /* Pods-QuizApp.release.xcconfig */;
			buildSettings = {
				ASSETCATALOG_COMPILER_APPICON_NAME = AppIcon;
				ASSETCATALOG_COMPILER_GLOBAL_ACCENT_COLOR_NAME = AccentColor;
				CODE_SIGN_STYLE = Automatic;
				INFOPLIST_FILE = QuizApp/Info.plist;
				LD_RUNPATH_SEARCH_PATHS = (
					"$(inherited)",
					"@executable_path/Frameworks",
				);
				PRODUCT_BUNDLE_IDENTIFIER = hr.fer.granosa.dorian.QuizApp;
				PRODUCT_NAME = "$(TARGET_NAME)";
				SWIFT_VERSION = 5.0;
				TARGETED_DEVICE_FAMILY = "1,2";
			};
			name = Release;
		};
/* End XCBuildConfiguration section */

/* Begin XCConfigurationList section */
		52577D76261E5C7C00A6A29F /* Build configuration list for PBXProject "QuizApp" */ = {
			isa = XCConfigurationList;
			buildConfigurations = (
				52577D8D261E5C7E00A6A29F /* Debug */,
				52577D8E261E5C7E00A6A29F /* Release */,
			);
			defaultConfigurationIsVisible = 0;
			defaultConfigurationName = Release;
		};
		52577D8F261E5C7E00A6A29F /* Build configuration list for PBXNativeTarget "QuizApp" */ = {
			isa = XCConfigurationList;
			buildConfigurations = (
				52577D90261E5C7E00A6A29F /* Debug */,
				52577D91261E5C7E00A6A29F /* Release */,
			);
			defaultConfigurationIsVisible = 0;
			defaultConfigurationName = Release;
		};
/* End XCConfigurationList section */

/* Begin XCVersionGroup section */
		529C4AFC265EC8CB00CE2CA6 /* Model.xcdatamodeld */ = {
			isa = XCVersionGroup;
			children = (
				529C4AFD265EC8CB00CE2CA6 /* Model.xcdatamodel */,
			);
			currentVersion = 529C4AFD265EC8CB00CE2CA6 /* Model.xcdatamodel */;
			path = Model.xcdatamodeld;
			sourceTree = "<group>";
			versionGroupType = wrapper.xcdatamodel;
		};
/* End XCVersionGroup section */
	};
	rootObject = 52577D73261E5C7C00A6A29F /* Project object */;
}
